{
    "version": 3,
    "terraform_version": "0.10.0",
    "serial": 8,
    "lineage": "63289a33-e95c-4eb9-b101-852406f3a330",
    "modules": [
        {
            "path": [
                "root"
            ],
            "outputs": {},
            "resources": {
                "aws_internet_gateway.tf_pruebas_gateway": {
                    "type": "aws_internet_gateway",
                    "depends_on": [
                        "aws_vpc.tf_pruebas"
                    ],
                    "primary": {
                        "id": "igw-d06251b4",
                        "attributes": {
                            "id": "igw-d06251b4",
                            "tags.%": "0",
                            "vpc_id": "vpc-24caaf43"
                        },
                        "meta": {},
                        "tainted": false
                    },
                    "deposed": [],
                    "provider": ""
                },
                "aws_route_table.route-public": {
                    "type": "aws_route_table",
                    "depends_on": [
                        "aws_internet_gateway.tf_pruebas_gateway",
                        "aws_vpc.tf_pruebas"
                    ],
                    "primary": {
                        "id": "rtb-b03dfed6",
                        "attributes": {
                            "id": "rtb-b03dfed6",
                            "propagating_vgws.#": "0",
                            "route.#": "1",
                            "route.4202238852.cidr_block": "0.0.0.0/0",
                            "route.4202238852.egress_only_gateway_id": "",
                            "route.4202238852.gateway_id": "igw-d06251b4",
                            "route.4202238852.instance_id": "",
                            "route.4202238852.ipv6_cidr_block": "",
                            "route.4202238852.nat_gateway_id": "",
                            "route.4202238852.network_interface_id": "",
                            "route.4202238852.vpc_peering_connection_id": "",
                            "tags.%": "1",
                            "tags.Name": "Public Subnet",
                            "vpc_id": "vpc-24caaf43"
                        },
                        "meta": {},
                        "tainted": false
                    },
                    "deposed": [],
                    "provider": ""
                },
                "aws_route_table_association.route-public-association": {
                    "type": "aws_route_table_association",
                    "depends_on": [
                        "aws_route_table.route-public",
                        "aws_subnet.public"
                    ],
                    "primary": {
                        "id": "rtbassoc-fce62485",
                        "attributes": {
                            "id": "rtbassoc-fce62485",
                            "route_table_id": "rtb-b03dfed6",
                            "subnet_id": "subnet-af1885c8"
                        },
                        "meta": {},
                        "tainted": false
                    },
                    "deposed": [],
                    "provider": ""
                },
                "aws_security_group.private": {
                    "type": "aws_security_group",
                    "depends_on": [],
                    "primary": {
                        "id": "sg-a3c481db",
                        "attributes": {
                            "description": "Managed by Terraform",
                            "egress.#": "1",
                            "egress.1777705638.cidr_blocks.#": "1",
                            "egress.1777705638.cidr_blocks.0": "10.0.0.2/32",
                            "egress.1777705638.from_port": "0",
                            "egress.1777705638.ipv6_cidr_blocks.#": "0",
                            "egress.1777705638.prefix_list_ids.#": "0",
                            "egress.1777705638.protocol": "-1",
                            "egress.1777705638.security_groups.#": "0",
                            "egress.1777705638.self": "false",
                            "egress.1777705638.to_port": "0",
                            "id": "sg-a3c481db",
                            "ingress.#": "3",
                            "ingress.1881502995.cidr_blocks.#": "1",
                            "ingress.1881502995.cidr_blocks.0": "10.0.0.2/32",
                            "ingress.1881502995.from_port": "443",
                            "ingress.1881502995.ipv6_cidr_blocks.#": "0",
                            "ingress.1881502995.protocol": "tcp",
                            "ingress.1881502995.security_groups.#": "0",
                            "ingress.1881502995.self": "false",
                            "ingress.1881502995.to_port": "443",
                            "ingress.2619622869.cidr_blocks.#": "1",
                            "ingress.2619622869.cidr_blocks.0": "10.0.0.2/32",
                            "ingress.2619622869.from_port": "80",
                            "ingress.2619622869.ipv6_cidr_blocks.#": "0",
                            "ingress.2619622869.protocol": "tcp",
                            "ingress.2619622869.security_groups.#": "0",
                            "ingress.2619622869.self": "false",
                            "ingress.2619622869.to_port": "80",
                            "ingress.716052576.cidr_blocks.#": "1",
                            "ingress.716052576.cidr_blocks.0": "10.0.0.2/32",
                            "ingress.716052576.from_port": "22",
                            "ingress.716052576.ipv6_cidr_blocks.#": "0",
                            "ingress.716052576.protocol": "tcp",
                            "ingress.716052576.security_groups.#": "0",
                            "ingress.716052576.self": "false",
                            "ingress.716052576.to_port": "22",
                            "name": "private",
                            "owner_id": "839618306829",
                            "tags.%": "0",
                            "vpc_id": "vpc-a81288cc"
                        },
                        "meta": {},
                        "tainted": false
                    },
                    "deposed": [],
                    "provider": ""
                },
                "aws_security_group.public": {
                    "type": "aws_security_group",
                    "depends_on": [],
                    "primary": {
                        "id": "sg-09c18471",
                        "attributes": {
                            "description": "Managed by Terraform",
                            "egress.#": "1",
                            "egress.482069346.cidr_blocks.#": "1",
                            "egress.482069346.cidr_blocks.0": "0.0.0.0/0",
                            "egress.482069346.from_port": "0",
                            "egress.482069346.ipv6_cidr_blocks.#": "0",
                            "egress.482069346.prefix_list_ids.#": "0",
                            "egress.482069346.protocol": "-1",
                            "egress.482069346.security_groups.#": "0",
                            "egress.482069346.self": "false",
                            "egress.482069346.to_port": "0",
                            "id": "sg-09c18471",
                            "ingress.#": "3",
                            "ingress.2214680975.cidr_blocks.#": "1",
                            "ingress.2214680975.cidr_blocks.0": "0.0.0.0/0",
                            "ingress.2214680975.from_port": "80",
                            "ingress.2214680975.ipv6_cidr_blocks.#": "0",
                            "ingress.2214680975.protocol": "tcp",
                            "ingress.2214680975.security_groups.#": "0",
                            "ingress.2214680975.self": "false",
                            "ingress.2214680975.to_port": "80",
                            "ingress.2541437006.cidr_blocks.#": "1",
                            "ingress.2541437006.cidr_blocks.0": "0.0.0.0/0",
                            "ingress.2541437006.from_port": "22",
                            "ingress.2541437006.ipv6_cidr_blocks.#": "0",
                            "ingress.2541437006.protocol": "tcp",
                            "ingress.2541437006.security_groups.#": "0",
                            "ingress.2541437006.self": "false",
                            "ingress.2541437006.to_port": "22",
                            "ingress.2617001939.cidr_blocks.#": "1",
                            "ingress.2617001939.cidr_blocks.0": "0.0.0.0/0",
                            "ingress.2617001939.from_port": "443",
                            "ingress.2617001939.ipv6_cidr_blocks.#": "0",
                            "ingress.2617001939.protocol": "tcp",
                            "ingress.2617001939.security_groups.#": "0",
                            "ingress.2617001939.self": "false",
                            "ingress.2617001939.to_port": "443",
                            "name": "public rules",
                            "owner_id": "839618306829",
                            "tags.%": "0",
                            "vpc_id": "vpc-a81288cc"
                        },
                        "meta": {},
                        "tainted": false
                    },
                    "deposed": [],
                    "provider": ""
                },
                "aws_subnet.private": {
                    "type": "aws_subnet",
                    "depends_on": [
                        "aws_vpc.tf_pruebas"
                    ],
                    "primary": {
                        "id": "subnet-451e8322",
                        "attributes": {
                            "assign_ipv6_address_on_creation": "false",
                            "availability_zone": "eu-west-1c",
                            "cidr_block": "10.0.1.0/24",
                            "id": "subnet-451e8322",
                            "map_public_ip_on_launch": "false",
                            "tags.%": "1",
                            "tags.Name": "private",
                            "vpc_id": "vpc-24caaf43"
                        },
                        "meta": {
                            "schema_version": "1"
                        },
                        "tainted": false
                    },
                    "deposed": [],
                    "provider": ""
                },
                "aws_subnet.public": {
                    "type": "aws_subnet",
                    "depends_on": [
                        "aws_vpc.tf_pruebas"
                    ],
                    "primary": {
                        "id": "subnet-af1885c8",
                        "attributes": {
                            "assign_ipv6_address_on_creation": "false",
                            "availability_zone": "eu-west-1c",
                            "cidr_block": "10.0.0.0/24",
                            "id": "subnet-af1885c8",
                            "map_public_ip_on_launch": "true",
                            "tags.%": "1",
                            "tags.Name": "public",
                            "vpc_id": "vpc-24caaf43"
                        },
                        "meta": {
                            "schema_version": "1"
                        },
                        "tainted": false
                    },
                    "deposed": [],
                    "provider": ""
                },
                "aws_vpc.tf_pruebas": {
                    "type": "aws_vpc",
                    "depends_on": [],
                    "primary": {
                        "id": "vpc-24caaf43",
                        "attributes": {
                            "assign_generated_ipv6_cidr_block": "false",
                            "cidr_block": "10.0.0.0/16",
                            "default_network_acl_id": "acl-1c9eac7b",
                            "default_route_table_id": "rtb-f93cff9f",
                            "default_security_group_id": "sg-08c28770",
                            "dhcp_options_id": "dopt-7e8f6a1a",
                            "enable_classiclink": "false",
                            "enable_classiclink_dns_support": "false",
                            "enable_dns_hostnames": "false",
                            "enable_dns_support": "true",
                            "id": "vpc-24caaf43",
                            "instance_tenancy": "default",
                            "main_route_table_id": "rtb-f93cff9f",
                            "tags.%": "1",
                            "tags.Name": "tf_pruebas"
                        },
                        "meta": {
                            "schema_version": "1"
                        },
                        "tainted": false
                    },
                    "deposed": [],
                    "provider": ""
                }
            },
            "depends_on": []
        }
    ]
}
