{
    "version": 3,
    "terraform_version": "0.10.6",
    "serial": 35,
    "lineage": "63289a33-e95c-4eb9-b101-852406f3a330",
    "modules": [
        {
            "path": [
                "root"
            ],
            "outputs": {},
            "resources": {
                "aws_eip.nat": {
                    "type": "aws_eip",
                    "depends_on": [
                        "aws_instance.proxy"
                    ],
                    "primary": {
                        "id": "eipalloc-df6b5ae5",
                        "attributes": {
                            "association_id": "eipassoc-c2ce2ffe",
                            "domain": "vpc",
                            "id": "eipalloc-df6b5ae5",
                            "instance": "i-02d302edc82f8b559",
                            "network_interface": "eni-7f34527e",
                            "private_ip": "10.0.0.162",
                            "public_ip": "34.240.96.21",
                            "vpc": "true"
                        },
                        "meta": {},
                        "tainted": false
                    },
                    "deposed": [],
                    "provider": ""
                },
                "aws_instance.gitlab": {
                    "type": "aws_instance",
                    "depends_on": [
                        "aws_security_group.private",
                        "aws_subnet.private"
                    ],
                    "primary": {
                        "id": "i-0a4bdf9f405b6feb6",
                        "attributes": {
                            "ami": "ami-785db401",
                            "associate_public_ip_address": "false",
                            "availability_zone": "eu-west-1b",
                            "disable_api_termination": "false",
                            "ebs_block_device.#": "0",
                            "ebs_optimized": "false",
                            "ephemeral_block_device.#": "0",
                            "iam_instance_profile": "",
                            "id": "i-0a4bdf9f405b6feb6",
                            "instance_state": "running",
                            "instance_type": "t2.micro",
                            "ipv6_addresses.#": "0",
                            "key_name": "rgonzalez-aws",
                            "monitoring": "false",
                            "network_interface.#": "0",
                            "network_interface_id": "eni-6a32546b",
                            "primary_network_interface_id": "eni-6a32546b",
                            "private_dns": "ip-10-0-1-108.eu-west-1.compute.internal",
                            "private_ip": "10.0.1.108",
                            "public_dns": "",
                            "public_ip": "",
                            "root_block_device.#": "1",
                            "root_block_device.0.delete_on_termination": "true",
                            "root_block_device.0.iops": "100",
                            "root_block_device.0.volume_size": "8",
                            "root_block_device.0.volume_type": "gp2",
                            "security_groups.#": "0",
                            "source_dest_check": "true",
                            "subnet_id": "subnet-28ea5f73",
                            "tags.%": "1",
                            "tags.Name": "gitlab",
                            "tenancy": "default",
                            "volume_tags.%": "0",
                            "vpc_security_group_ids.#": "1",
                            "vpc_security_group_ids.3819640351": "sg-6ab18412"
                        },
                        "meta": {
                            "e2bfb730-ecaa-11e6-8f88-34363bc7c4c0": {
                                "create": 600000000000,
                                "delete": 600000000000,
                                "update": 600000000000
                            },
                            "schema_version": "1"
                        },
                        "tainted": false
                    },
                    "deposed": [],
                    "provider": ""
                },
                "aws_instance.jenkins": {
                    "type": "aws_instance",
                    "depends_on": [
                        "aws_security_group.private",
                        "aws_subnet.private"
                    ],
                    "primary": {
                        "id": "i-0c9f7cef9c054eacc",
                        "attributes": {
                            "ami": "ami-785db401",
                            "associate_public_ip_address": "false",
                            "availability_zone": "eu-west-1b",
                            "disable_api_termination": "false",
                            "ebs_block_device.#": "0",
                            "ebs_optimized": "false",
                            "ephemeral_block_device.#": "0",
                            "iam_instance_profile": "",
                            "id": "i-0c9f7cef9c054eacc",
                            "instance_state": "running",
                            "instance_type": "t2.micro",
                            "ipv6_addresses.#": "0",
                            "key_name": "rgonzalez-aws",
                            "monitoring": "false",
                            "network_interface.#": "0",
                            "network_interface_id": "eni-3c3f593d",
                            "primary_network_interface_id": "eni-3c3f593d",
                            "private_dns": "ip-10-0-1-109.eu-west-1.compute.internal",
                            "private_ip": "10.0.1.109",
                            "public_dns": "",
                            "public_ip": "",
                            "root_block_device.#": "1",
                            "root_block_device.0.delete_on_termination": "true",
                            "root_block_device.0.iops": "100",
                            "root_block_device.0.volume_size": "8",
                            "root_block_device.0.volume_type": "gp2",
                            "security_groups.#": "0",
                            "source_dest_check": "true",
                            "subnet_id": "subnet-28ea5f73",
                            "tags.%": "1",
                            "tags.Name": "jenkins",
                            "tenancy": "default",
                            "volume_tags.%": "0",
                            "vpc_security_group_ids.#": "1",
                            "vpc_security_group_ids.3819640351": "sg-6ab18412"
                        },
                        "meta": {
                            "e2bfb730-ecaa-11e6-8f88-34363bc7c4c0": {
                                "create": 600000000000,
                                "delete": 600000000000,
                                "update": 600000000000
                            },
                            "schema_version": "1"
                        },
                        "tainted": false
                    },
                    "deposed": [],
                    "provider": ""
                },
                "aws_instance.proxy": {
                    "type": "aws_instance",
                    "depends_on": [
                        "aws_security_group.nat",
                        "aws_subnet.public"
                    ],
                    "primary": {
                        "id": "i-02d302edc82f8b559",
                        "attributes": {
                            "ami": "ami-076d5d61",
                            "associate_public_ip_address": "true",
                            "availability_zone": "eu-west-1b",
                            "disable_api_termination": "false",
                            "ebs_block_device.#": "0",
                            "ebs_optimized": "false",
                            "ephemeral_block_device.#": "0",
                            "iam_instance_profile": "",
                            "id": "i-02d302edc82f8b559",
                            "instance_state": "running",
                            "instance_type": "t2.micro",
                            "ipv6_addresses.#": "0",
                            "key_name": "rgonzalez-aws",
                            "monitoring": "false",
                            "network_interface.#": "0",
                            "network_interface_id": "eni-7f34527e",
                            "primary_network_interface_id": "eni-7f34527e",
                            "private_dns": "ip-10-0-0-162.eu-west-1.compute.internal",
                            "private_ip": "10.0.0.162",
                            "public_dns": "ec2-34-240-132-39.eu-west-1.compute.amazonaws.com",
                            "public_ip": "34.240.132.39",
                            "root_block_device.#": "1",
                            "root_block_device.0.delete_on_termination": "true",
                            "root_block_device.0.iops": "0",
                            "root_block_device.0.volume_size": "8",
                            "root_block_device.0.volume_type": "standard",
                            "security_groups.#": "0",
                            "source_dest_check": "false",
                            "subnet_id": "subnet-52ea5f09",
                            "tags.%": "1",
                            "tags.Name": "Proxy",
                            "tenancy": "default",
                            "volume_tags.%": "0",
                            "vpc_security_group_ids.#": "1",
                            "vpc_security_group_ids.1536917682": "sg-74b1840c"
                        },
                        "meta": {
                            "e2bfb730-ecaa-11e6-8f88-34363bc7c4c0": {
                                "create": 600000000000,
                                "delete": 600000000000,
                                "update": 600000000000
                            },
                            "schema_version": "1"
                        },
                        "tainted": false
                    },
                    "deposed": [],
                    "provider": ""
                },
                "aws_internet_gateway.tf_pruebas_gateway": {
                    "type": "aws_internet_gateway",
                    "depends_on": [
                        "aws_vpc.tf_pruebas"
                    ],
                    "primary": {
                        "id": "igw-b21d1ed6",
                        "attributes": {
                            "id": "igw-b21d1ed6",
                            "vpc_id": "vpc-e597e482"
                        },
                        "meta": {},
                        "tainted": false
                    },
                    "deposed": [],
                    "provider": ""
                },
                "aws_route_table.route-private": {
                    "type": "aws_route_table",
                    "depends_on": [
                        "aws_instance.proxy",
                        "aws_vpc.tf_pruebas"
                    ],
                    "primary": {
                        "id": "rtb-6556f203",
                        "attributes": {
                            "id": "rtb-6556f203",
                            "propagating_vgws.#": "0",
                            "route.#": "1",
                            "route.1168391057.cidr_block": "0.0.0.0/0",
                            "route.1168391057.egress_only_gateway_id": "",
                            "route.1168391057.gateway_id": "",
                            "route.1168391057.instance_id": "i-02d302edc82f8b559",
                            "route.1168391057.ipv6_cidr_block": "",
                            "route.1168391057.nat_gateway_id": "",
                            "route.1168391057.network_interface_id": "",
                            "route.1168391057.vpc_peering_connection_id": "",
                            "tags.%": "1",
                            "tags.Name": "Private Subnet",
                            "vpc_id": "vpc-e597e482"
                        },
                        "meta": {},
                        "tainted": false
                    },
                    "deposed": [],
                    "provider": ""
                },
                "aws_route_table.route-public": {
                    "type": "aws_route_table",
                    "depends_on": [
                        "aws_internet_gateway.tf_pruebas_gateway",
                        "aws_vpc.tf_pruebas"
                    ],
                    "primary": {
                        "id": "rtb-fd55f19b",
                        "attributes": {
                            "id": "rtb-fd55f19b",
                            "propagating_vgws.#": "0",
                            "route.#": "1",
                            "route.4057054015.cidr_block": "0.0.0.0/0",
                            "route.4057054015.egress_only_gateway_id": "",
                            "route.4057054015.gateway_id": "igw-b21d1ed6",
                            "route.4057054015.instance_id": "",
                            "route.4057054015.ipv6_cidr_block": "",
                            "route.4057054015.nat_gateway_id": "",
                            "route.4057054015.network_interface_id": "",
                            "route.4057054015.vpc_peering_connection_id": "",
                            "tags.%": "1",
                            "tags.Name": "Public Subnet",
                            "vpc_id": "vpc-e597e482"
                        },
                        "meta": {},
                        "tainted": false
                    },
                    "deposed": [],
                    "provider": ""
                },
                "aws_route_table_association.route-private-association": {
                    "type": "aws_route_table_association",
                    "depends_on": [
                        "aws_route_table.route-private",
                        "aws_subnet.private"
                    ],
                    "primary": {
                        "id": "rtbassoc-b39b33ca",
                        "attributes": {
                            "id": "rtbassoc-b39b33ca",
                            "route_table_id": "rtb-6556f203",
                            "subnet_id": "subnet-28ea5f73"
                        },
                        "meta": {},
                        "tainted": false
                    },
                    "deposed": [],
                    "provider": ""
                },
                "aws_route_table_association.route-public-association": {
                    "type": "aws_route_table_association",
                    "depends_on": [
                        "aws_route_table.route-public",
                        "aws_subnet.public"
                    ],
                    "primary": {
                        "id": "rtbassoc-ba852dc3",
                        "attributes": {
                            "id": "rtbassoc-ba852dc3",
                            "route_table_id": "rtb-fd55f19b",
                            "subnet_id": "subnet-52ea5f09"
                        },
                        "meta": {},
                        "tainted": false
                    },
                    "deposed": [],
                    "provider": ""
                },
                "aws_security_group.nat": {
                    "type": "aws_security_group",
                    "depends_on": [
                        "aws_vpc.tf_pruebas"
                    ],
                    "primary": {
                        "id": "sg-74b1840c",
                        "attributes": {
                            "description": "Allow traffic to pass from the private subnet to the internet",
                            "egress.#": "4",
                            "egress.1799340084.cidr_blocks.#": "1",
                            "egress.1799340084.cidr_blocks.0": "0.0.0.0/0",
                            "egress.1799340084.from_port": "-1",
                            "egress.1799340084.ipv6_cidr_blocks.#": "0",
                            "egress.1799340084.prefix_list_ids.#": "0",
                            "egress.1799340084.protocol": "icmp",
                            "egress.1799340084.security_groups.#": "0",
                            "egress.1799340084.self": "false",
                            "egress.1799340084.to_port": "-1",
                            "egress.2214680975.cidr_blocks.#": "1",
                            "egress.2214680975.cidr_blocks.0": "0.0.0.0/0",
                            "egress.2214680975.from_port": "80",
                            "egress.2214680975.ipv6_cidr_blocks.#": "0",
                            "egress.2214680975.prefix_list_ids.#": "0",
                            "egress.2214680975.protocol": "tcp",
                            "egress.2214680975.security_groups.#": "0",
                            "egress.2214680975.self": "false",
                            "egress.2214680975.to_port": "80",
                            "egress.2617001939.cidr_blocks.#": "1",
                            "egress.2617001939.cidr_blocks.0": "0.0.0.0/0",
                            "egress.2617001939.from_port": "443",
                            "egress.2617001939.ipv6_cidr_blocks.#": "0",
                            "egress.2617001939.prefix_list_ids.#": "0",
                            "egress.2617001939.protocol": "tcp",
                            "egress.2617001939.security_groups.#": "0",
                            "egress.2617001939.self": "false",
                            "egress.2617001939.to_port": "443",
                            "egress.931551850.cidr_blocks.#": "1",
                            "egress.931551850.cidr_blocks.0": "10.0.0.0/16",
                            "egress.931551850.from_port": "22",
                            "egress.931551850.ipv6_cidr_blocks.#": "0",
                            "egress.931551850.prefix_list_ids.#": "0",
                            "egress.931551850.protocol": "tcp",
                            "egress.931551850.security_groups.#": "0",
                            "egress.931551850.self": "false",
                            "egress.931551850.to_port": "22",
                            "id": "sg-74b1840c",
                            "ingress.#": "4",
                            "ingress.1799340084.cidr_blocks.#": "1",
                            "ingress.1799340084.cidr_blocks.0": "0.0.0.0/0",
                            "ingress.1799340084.from_port": "-1",
                            "ingress.1799340084.ipv6_cidr_blocks.#": "0",
                            "ingress.1799340084.protocol": "icmp",
                            "ingress.1799340084.security_groups.#": "0",
                            "ingress.1799340084.self": "false",
                            "ingress.1799340084.to_port": "-1",
                            "ingress.2214680975.cidr_blocks.#": "1",
                            "ingress.2214680975.cidr_blocks.0": "0.0.0.0/0",
                            "ingress.2214680975.from_port": "80",
                            "ingress.2214680975.ipv6_cidr_blocks.#": "0",
                            "ingress.2214680975.protocol": "tcp",
                            "ingress.2214680975.security_groups.#": "0",
                            "ingress.2214680975.self": "false",
                            "ingress.2214680975.to_port": "80",
                            "ingress.2541437006.cidr_blocks.#": "1",
                            "ingress.2541437006.cidr_blocks.0": "0.0.0.0/0",
                            "ingress.2541437006.from_port": "22",
                            "ingress.2541437006.ipv6_cidr_blocks.#": "0",
                            "ingress.2541437006.protocol": "tcp",
                            "ingress.2541437006.security_groups.#": "0",
                            "ingress.2541437006.self": "false",
                            "ingress.2541437006.to_port": "22",
                            "ingress.2617001939.cidr_blocks.#": "1",
                            "ingress.2617001939.cidr_blocks.0": "0.0.0.0/0",
                            "ingress.2617001939.from_port": "443",
                            "ingress.2617001939.ipv6_cidr_blocks.#": "0",
                            "ingress.2617001939.protocol": "tcp",
                            "ingress.2617001939.security_groups.#": "0",
                            "ingress.2617001939.self": "false",
                            "ingress.2617001939.to_port": "443",
                            "name": "vpc_nat",
                            "owner_id": "839618306829",
                            "tags.%": "1",
                            "tags.Name": "NATSG",
                            "vpc_id": "vpc-e597e482"
                        },
                        "meta": {},
                        "tainted": false
                    },
                    "deposed": [],
                    "provider": ""
                },
                "aws_security_group.private": {
                    "type": "aws_security_group",
                    "depends_on": [
                        "aws_instance.proxy",
                        "aws_vpc.tf_pruebas"
                    ],
                    "primary": {
                        "id": "sg-6ab18412",
                        "attributes": {
                            "description": "Managed by Terraform",
                            "egress.#": "1",
                            "egress.3043609571.cidr_blocks.#": "1",
                            "egress.3043609571.cidr_blocks.0": "10.0.0.162/32",
                            "egress.3043609571.from_port": "0",
                            "egress.3043609571.ipv6_cidr_blocks.#": "0",
                            "egress.3043609571.prefix_list_ids.#": "0",
                            "egress.3043609571.protocol": "-1",
                            "egress.3043609571.security_groups.#": "0",
                            "egress.3043609571.self": "false",
                            "egress.3043609571.to_port": "0",
                            "id": "sg-6ab18412",
                            "ingress.#": "4",
                            "ingress.2400543708.cidr_blocks.#": "1",
                            "ingress.2400543708.cidr_blocks.0": "10.0.0.162/32",
                            "ingress.2400543708.from_port": "80",
                            "ingress.2400543708.ipv6_cidr_blocks.#": "0",
                            "ingress.2400543708.protocol": "tcp",
                            "ingress.2400543708.security_groups.#": "0",
                            "ingress.2400543708.self": "false",
                            "ingress.2400543708.to_port": "80",
                            "ingress.3250136583.cidr_blocks.#": "1",
                            "ingress.3250136583.cidr_blocks.0": "10.0.0.162/32",
                            "ingress.3250136583.from_port": "8080",
                            "ingress.3250136583.ipv6_cidr_blocks.#": "0",
                            "ingress.3250136583.protocol": "tcp",
                            "ingress.3250136583.security_groups.#": "0",
                            "ingress.3250136583.self": "false",
                            "ingress.3250136583.to_port": "8080",
                            "ingress.58565346.cidr_blocks.#": "1",
                            "ingress.58565346.cidr_blocks.0": "10.0.0.162/32",
                            "ingress.58565346.from_port": "22",
                            "ingress.58565346.ipv6_cidr_blocks.#": "0",
                            "ingress.58565346.protocol": "tcp",
                            "ingress.58565346.security_groups.#": "0",
                            "ingress.58565346.self": "false",
                            "ingress.58565346.to_port": "22",
                            "ingress.879546297.cidr_blocks.#": "1",
                            "ingress.879546297.cidr_blocks.0": "10.0.0.162/32",
                            "ingress.879546297.from_port": "443",
                            "ingress.879546297.ipv6_cidr_blocks.#": "0",
                            "ingress.879546297.protocol": "tcp",
                            "ingress.879546297.security_groups.#": "0",
                            "ingress.879546297.self": "false",
                            "ingress.879546297.to_port": "443",
                            "name": "private",
                            "owner_id": "839618306829",
                            "tags.%": "0",
                            "vpc_id": "vpc-e597e482"
                        },
                        "meta": {},
                        "tainted": false
                    },
                    "deposed": [],
                    "provider": ""
                },
                "aws_subnet.private": {
                    "type": "aws_subnet",
                    "depends_on": [
                        "aws_vpc.tf_pruebas"
                    ],
                    "primary": {
                        "id": "subnet-28ea5f73",
                        "attributes": {
                            "assign_ipv6_address_on_creation": "false",
                            "availability_zone": "eu-west-1b",
                            "cidr_block": "10.0.1.0/24",
                            "id": "subnet-28ea5f73",
                            "map_public_ip_on_launch": "false",
                            "tags.%": "1",
                            "tags.Name": "private",
                            "vpc_id": "vpc-e597e482"
                        },
                        "meta": {
                            "schema_version": "1"
                        },
                        "tainted": false
                    },
                    "deposed": [],
                    "provider": ""
                },
                "aws_subnet.public": {
                    "type": "aws_subnet",
                    "depends_on": [
                        "aws_vpc.tf_pruebas"
                    ],
                    "primary": {
                        "id": "subnet-52ea5f09",
                        "attributes": {
                            "assign_ipv6_address_on_creation": "false",
                            "availability_zone": "eu-west-1b",
                            "cidr_block": "10.0.0.0/24",
                            "id": "subnet-52ea5f09",
                            "map_public_ip_on_launch": "true",
                            "tags.%": "1",
                            "tags.Name": "public",
                            "vpc_id": "vpc-e597e482"
                        },
                        "meta": {
                            "schema_version": "1"
                        },
                        "tainted": false
                    },
                    "deposed": [],
                    "provider": ""
                },
                "aws_vpc.tf_pruebas": {
                    "type": "aws_vpc",
                    "depends_on": [],
                    "primary": {
                        "id": "vpc-e597e482",
                        "attributes": {
                            "assign_generated_ipv6_cidr_block": "false",
                            "cidr_block": "10.0.0.0/16",
                            "default_network_acl_id": "acl-a0988dc7",
                            "default_route_table_id": "rtb-9b4aeefd",
                            "default_security_group_id": "sg-6eb48116",
                            "dhcp_options_id": "dopt-7e8f6a1a",
                            "enable_classiclink": "false",
                            "enable_classiclink_dns_support": "false",
                            "enable_dns_hostnames": "true",
                            "enable_dns_support": "true",
                            "id": "vpc-e597e482",
                            "instance_tenancy": "default",
                            "main_route_table_id": "rtb-9b4aeefd",
                            "tags.%": "1",
                            "tags.Name": "tf_pruebas"
                        },
                        "meta": {
                            "schema_version": "1"
                        },
                        "tainted": false
                    },
                    "deposed": [],
                    "provider": ""
                }
            },
            "depends_on": []
        }
    ]
}
